
Microsoft Visual Studio Solution File, Format Version 12.00
# Visual Studio Version 16
VisualStudioVersion = 16.0.29613.14
MinimumVisualStudioVersion = 10.0.40219.1
Project("{8BC9CEB8-8B4A-11D0-8D11-00A0C91BC942}") = "Hyperion Engine", "Hyperion Engine\Hyperion Engine.vcxproj", "{1E287EF7-D71C-48DD-A865-EE3F81C2D1B7}"
EndProject
Project("{8BC9CEB8-8B4A-11D0-8D11-00A0C91BC942}") = "Hyperion Test", "Hyperion Test\Hyperion Test.vcxproj", "{C0B82769-0DD7-4847-8170-7F0A863E6035}"
	ProjectSection(ProjectDependencies) = postProject
		{1E287EF7-D71C-48DD-A865-EE3F81C2D1B7} = {1E287EF7-D71C-48DD-A865-EE3F81C2D1B7}
	EndProjectSection
EndProject
Project("{8BC9CEB8-8B4A-11D0-8D11-00A0C91BC942}") = "Asset Manifest Tool", "Asset Manifest Tool\Asset Manifest Tool.vcxproj", "{D23773B6-12C6-416C-88EB-B7B3E09BA008}"
EndProject
Project("{FAE04EC0-301F-11D3-BF4B-00C04F79EFBC}") = "Hyperion Utilities", "Hyperion Utilities\Hyperion Utilities.csproj", "{C88DFB9F-624B-48E9-B7D0-FE943DFAC882}"
EndProject
Project("{8BC9CEB8-8B4A-11D0-8D11-00A0C91BC942}") = "Hyperion Texture Library", "Hyperion Texture Library\Hyperion Texture Library.vcxproj", "{8E5DCA97-D647-45F1-A82A-E1E93159D684}"
EndProject
Global
	GlobalSection(SolutionConfigurationPlatforms) = preSolution
		Debug|Any CPU = Debug|Any CPU
		Debug|Itanium = Debug|Itanium
		Debug|x64 = Debug|x64
		Debug|x86 = Debug|x86
		Release|Any CPU = Release|Any CPU
		Release|Itanium = Release|Itanium
		Release|x64 = Release|x64
		Release|x86 = Release|x86
		ReleaseWithoutAsm|Any CPU = ReleaseWithoutAsm|Any CPU
		ReleaseWithoutAsm|Itanium = ReleaseWithoutAsm|Itanium
		ReleaseWithoutAsm|x64 = ReleaseWithoutAsm|x64
		ReleaseWithoutAsm|x86 = ReleaseWithoutAsm|x86
	EndGlobalSection
	GlobalSection(ProjectConfigurationPlatforms) = postSolution
		{1E287EF7-D71C-48DD-A865-EE3F81C2D1B7}.Debug|Any CPU.ActiveCfg = Debug|Win32
		{1E287EF7-D71C-48DD-A865-EE3F81C2D1B7}.Debug|Itanium.ActiveCfg = Debug|Win32
		{1E287EF7-D71C-48DD-A865-EE3F81C2D1B7}.Debug|x64.ActiveCfg = Debug|x64
		{1E287EF7-D71C-48DD-A865-EE3F81C2D1B7}.Debug|x64.Build.0 = Debug|x64
		{1E287EF7-D71C-48DD-A865-EE3F81C2D1B7}.Debug|x86.ActiveCfg = Debug|Win32
		{1E287EF7-D71C-48DD-A865-EE3F81C2D1B7}.Debug|x86.Build.0 = Debug|Win32
		{1E287EF7-D71C-48DD-A865-EE3F81C2D1B7}.Release|Any CPU.ActiveCfg = Release|Win32
		{1E287EF7-D71C-48DD-A865-EE3F81C2D1B7}.Release|Itanium.ActiveCfg = Release|Win32
		{1E287EF7-D71C-48DD-A865-EE3F81C2D1B7}.Release|x64.ActiveCfg = Release|x64
		{1E287EF7-D71C-48DD-A865-EE3F81C2D1B7}.Release|x64.Build.0 = Release|x64
		{1E287EF7-D71C-48DD-A865-EE3F81C2D1B7}.Release|x86.ActiveCfg = Release|Win32
		{1E287EF7-D71C-48DD-A865-EE3F81C2D1B7}.Release|x86.Build.0 = Release|Win32
		{1E287EF7-D71C-48DD-A865-EE3F81C2D1B7}.ReleaseWithoutAsm|Any CPU.ActiveCfg = Release|x64
		{1E287EF7-D71C-48DD-A865-EE3F81C2D1B7}.ReleaseWithoutAsm|Any CPU.Build.0 = Release|x64
		{1E287EF7-D71C-48DD-A865-EE3F81C2D1B7}.ReleaseWithoutAsm|Itanium.ActiveCfg = Release|Win32
		{1E287EF7-D71C-48DD-A865-EE3F81C2D1B7}.ReleaseWithoutAsm|Itanium.Build.0 = Release|Win32
		{1E287EF7-D71C-48DD-A865-EE3F81C2D1B7}.ReleaseWithoutAsm|x64.ActiveCfg = Release|x64
		{1E287EF7-D71C-48DD-A865-EE3F81C2D1B7}.ReleaseWithoutAsm|x64.Build.0 = Release|x64
		{1E287EF7-D71C-48DD-A865-EE3F81C2D1B7}.ReleaseWithoutAsm|x86.ActiveCfg = Release|Win32
		{1E287EF7-D71C-48DD-A865-EE3F81C2D1B7}.ReleaseWithoutAsm|x86.Build.0 = Release|Win32
		{C0B82769-0DD7-4847-8170-7F0A863E6035}.Debug|Any CPU.ActiveCfg = Debug|Win32
		{C0B82769-0DD7-4847-8170-7F0A863E6035}.Debug|Itanium.ActiveCfg = Debug|Win32
		{C0B82769-0DD7-4847-8170-7F0A863E6035}.Debug|x64.ActiveCfg = Debug|x64
		{C0B82769-0DD7-4847-8170-7F0A863E6035}.Debug|x64.Build.0 = Debug|x64
		{C0B82769-0DD7-4847-8170-7F0A863E6035}.Debug|x86.ActiveCfg = Debug|Win32
		{C0B82769-0DD7-4847-8170-7F0A863E6035}.Debug|x86.Build.0 = Debug|Win32
		{C0B82769-0DD7-4847-8170-7F0A863E6035}.Release|Any CPU.ActiveCfg = Release|Win32
		{C0B82769-0DD7-4847-8170-7F0A863E6035}.Release|Itanium.ActiveCfg = Release|Win32
		{C0B82769-0DD7-4847-8170-7F0A863E6035}.Release|x64.ActiveCfg = Release|x64
		{C0B82769-0DD7-4847-8170-7F0A863E6035}.Release|x64.Build.0 = Release|x64
		{C0B82769-0DD7-4847-8170-7F0A863E6035}.Release|x86.ActiveCfg = Release|Win32
		{C0B82769-0DD7-4847-8170-7F0A863E6035}.Release|x86.Build.0 = Release|Win32
		{C0B82769-0DD7-4847-8170-7F0A863E6035}.ReleaseWithoutAsm|Any CPU.ActiveCfg = Release|x64
		{C0B82769-0DD7-4847-8170-7F0A863E6035}.ReleaseWithoutAsm|Any CPU.Build.0 = Release|x64
		{C0B82769-0DD7-4847-8170-7F0A863E6035}.ReleaseWithoutAsm|Itanium.ActiveCfg = Release|Win32
		{C0B82769-0DD7-4847-8170-7F0A863E6035}.ReleaseWithoutAsm|Itanium.Build.0 = Release|Win32
		{C0B82769-0DD7-4847-8170-7F0A863E6035}.ReleaseWithoutAsm|x64.ActiveCfg = Release|x64
		{C0B82769-0DD7-4847-8170-7F0A863E6035}.ReleaseWithoutAsm|x64.Build.0 = Release|x64
		{C0B82769-0DD7-4847-8170-7F0A863E6035}.ReleaseWithoutAsm|x86.ActiveCfg = Release|Win32
		{C0B82769-0DD7-4847-8170-7F0A863E6035}.ReleaseWithoutAsm|x86.Build.0 = Release|Win32
		{D23773B6-12C6-416C-88EB-B7B3E09BA008}.Debug|Any CPU.ActiveCfg = Debug|Win32
		{D23773B6-12C6-416C-88EB-B7B3E09BA008}.Debug|Itanium.ActiveCfg = Debug|Win32
		{D23773B6-12C6-416C-88EB-B7B3E09BA008}.Debug|x64.ActiveCfg = Debug|x64
		{D23773B6-12C6-416C-88EB-B7B3E09BA008}.Debug|x64.Build.0 = Debug|x64
		{D23773B6-12C6-416C-88EB-B7B3E09BA008}.Debug|x86.ActiveCfg = Debug|Win32
		{D23773B6-12C6-416C-88EB-B7B3E09BA008}.Debug|x86.Build.0 = Debug|Win32
		{D23773B6-12C6-416C-88EB-B7B3E09BA008}.Release|Any CPU.ActiveCfg = Release|Win32
		{D23773B6-12C6-416C-88EB-B7B3E09BA008}.Release|Itanium.ActiveCfg = Release|Win32
		{D23773B6-12C6-416C-88EB-B7B3E09BA008}.Release|x64.ActiveCfg = Release|x64
		{D23773B6-12C6-416C-88EB-B7B3E09BA008}.Release|x64.Build.0 = Release|x64
		{D23773B6-12C6-416C-88EB-B7B3E09BA008}.Release|x86.ActiveCfg = Release|Win32
		{D23773B6-12C6-416C-88EB-B7B3E09BA008}.Release|x86.Build.0 = Release|Win32
		{D23773B6-12C6-416C-88EB-B7B3E09BA008}.ReleaseWithoutAsm|Any CPU.ActiveCfg = Release|x64
		{D23773B6-12C6-416C-88EB-B7B3E09BA008}.ReleaseWithoutAsm|Any CPU.Build.0 = Release|x64
		{D23773B6-12C6-416C-88EB-B7B3E09BA008}.ReleaseWithoutAsm|Itanium.ActiveCfg = Release|x64
		{D23773B6-12C6-416C-88EB-B7B3E09BA008}.ReleaseWithoutAsm|Itanium.Build.0 = Release|x64
		{D23773B6-12C6-416C-88EB-B7B3E09BA008}.ReleaseWithoutAsm|x64.ActiveCfg = Release|x64
		{D23773B6-12C6-416C-88EB-B7B3E09BA008}.ReleaseWithoutAsm|x64.Build.0 = Release|x64
		{D23773B6-12C6-416C-88EB-B7B3E09BA008}.ReleaseWithoutAsm|x86.ActiveCfg = Release|Win32
		{D23773B6-12C6-416C-88EB-B7B3E09BA008}.ReleaseWithoutAsm|x86.Build.0 = Release|Win32
		{C88DFB9F-624B-48E9-B7D0-FE943DFAC882}.Debug|Any CPU.ActiveCfg = Debug|Any CPU
		{C88DFB9F-624B-48E9-B7D0-FE943DFAC882}.Debug|Any CPU.Build.0 = Debug|Any CPU
		{C88DFB9F-624B-48E9-B7D0-FE943DFAC882}.Debug|Itanium.ActiveCfg = Debug|Any CPU
		{C88DFB9F-624B-48E9-B7D0-FE943DFAC882}.Debug|Itanium.Build.0 = Debug|Any CPU
		{C88DFB9F-624B-48E9-B7D0-FE943DFAC882}.Debug|x64.ActiveCfg = Debug|Any CPU
		{C88DFB9F-624B-48E9-B7D0-FE943DFAC882}.Debug|x64.Build.0 = Debug|Any CPU
		{C88DFB9F-624B-48E9-B7D0-FE943DFAC882}.Debug|x86.ActiveCfg = Debug|Any CPU
		{C88DFB9F-624B-48E9-B7D0-FE943DFAC882}.Debug|x86.Build.0 = Debug|Any CPU
		{C88DFB9F-624B-48E9-B7D0-FE943DFAC882}.Release|Any CPU.ActiveCfg = Release|Any CPU
		{C88DFB9F-624B-48E9-B7D0-FE943DFAC882}.Release|Any CPU.Build.0 = Release|Any CPU
		{C88DFB9F-624B-48E9-B7D0-FE943DFAC882}.Release|Itanium.ActiveCfg = Release|Any CPU
		{C88DFB9F-624B-48E9-B7D0-FE943DFAC882}.Release|Itanium.Build.0 = Release|Any CPU
		{C88DFB9F-624B-48E9-B7D0-FE943DFAC882}.Release|x64.ActiveCfg = Release|Any CPU
		{C88DFB9F-624B-48E9-B7D0-FE943DFAC882}.Release|x64.Build.0 = Release|Any CPU
		{C88DFB9F-624B-48E9-B7D0-FE943DFAC882}.Release|x86.ActiveCfg = Release|Any CPU
		{C88DFB9F-624B-48E9-B7D0-FE943DFAC882}.Release|x86.Build.0 = Release|Any CPU
		{C88DFB9F-624B-48E9-B7D0-FE943DFAC882}.ReleaseWithoutAsm|Any CPU.ActiveCfg = Release|Any CPU
		{C88DFB9F-624B-48E9-B7D0-FE943DFAC882}.ReleaseWithoutAsm|Any CPU.Build.0 = Release|Any CPU
		{C88DFB9F-624B-48E9-B7D0-FE943DFAC882}.ReleaseWithoutAsm|Itanium.ActiveCfg = Release|Any CPU
		{C88DFB9F-624B-48E9-B7D0-FE943DFAC882}.ReleaseWithoutAsm|Itanium.Build.0 = Release|Any CPU
		{C88DFB9F-624B-48E9-B7D0-FE943DFAC882}.ReleaseWithoutAsm|x64.ActiveCfg = Release|Any CPU
		{C88DFB9F-624B-48E9-B7D0-FE943DFAC882}.ReleaseWithoutAsm|x64.Build.0 = Release|Any CPU
		{C88DFB9F-624B-48E9-B7D0-FE943DFAC882}.ReleaseWithoutAsm|x86.ActiveCfg = Release|Any CPU
		{C88DFB9F-624B-48E9-B7D0-FE943DFAC882}.ReleaseWithoutAsm|x86.Build.0 = Release|Any CPU
		{8E5DCA97-D647-45F1-A82A-E1E93159D684}.Debug|Any CPU.ActiveCfg = Debug|Win32
		{8E5DCA97-D647-45F1-A82A-E1E93159D684}.Debug|Itanium.ActiveCfg = Debug|Win32
		{8E5DCA97-D647-45F1-A82A-E1E93159D684}.Debug|x64.ActiveCfg = Debug|x64
		{8E5DCA97-D647-45F1-A82A-E1E93159D684}.Debug|x64.Build.0 = Debug|x64
		{8E5DCA97-D647-45F1-A82A-E1E93159D684}.Debug|x86.ActiveCfg = Debug|Win32
		{8E5DCA97-D647-45F1-A82A-E1E93159D684}.Debug|x86.Build.0 = Debug|Win32
		{8E5DCA97-D647-45F1-A82A-E1E93159D684}.Release|Any CPU.ActiveCfg = Release|Win32
		{8E5DCA97-D647-45F1-A82A-E1E93159D684}.Release|Itanium.ActiveCfg = Release|Win32
		{8E5DCA97-D647-45F1-A82A-E1E93159D684}.Release|x64.ActiveCfg = Release|x64
		{8E5DCA97-D647-45F1-A82A-E1E93159D684}.Release|x64.Build.0 = Release|x64
		{8E5DCA97-D647-45F1-A82A-E1E93159D684}.Release|x86.ActiveCfg = Release|Win32
		{8E5DCA97-D647-45F1-A82A-E1E93159D684}.Release|x86.Build.0 = Release|Win32
		{8E5DCA97-D647-45F1-A82A-E1E93159D684}.ReleaseWithoutAsm|Any CPU.ActiveCfg = Release|x64
		{8E5DCA97-D647-45F1-A82A-E1E93159D684}.ReleaseWithoutAsm|Any CPU.Build.0 = Release|x64
		{8E5DCA97-D647-45F1-A82A-E1E93159D684}.ReleaseWithoutAsm|Itanium.ActiveCfg = Release|x64
		{8E5DCA97-D647-45F1-A82A-E1E93159D684}.ReleaseWithoutAsm|Itanium.Build.0 = Release|x64
		{8E5DCA97-D647-45F1-A82A-E1E93159D684}.ReleaseWithoutAsm|x64.ActiveCfg = Release|x64
		{8E5DCA97-D647-45F1-A82A-E1E93159D684}.ReleaseWithoutAsm|x64.Build.0 = Release|x64
		{8E5DCA97-D647-45F1-A82A-E1E93159D684}.ReleaseWithoutAsm|x86.ActiveCfg = Release|Win32
		{8E5DCA97-D647-45F1-A82A-E1E93159D684}.ReleaseWithoutAsm|x86.Build.0 = Release|Win32
	EndGlobalSection
	GlobalSection(SolutionProperties) = preSolution
		HideSolutionNode = FALSE
	EndGlobalSection
	GlobalSection(ExtensibilityGlobals) = postSolution
		SolutionGuid = {0805569C-D7DB-4DBB-A68E-27FAB8EC93A4}
	EndGlobalSection
EndGlobal
