<?xml version="1.0" encoding="utf-8"?>
<Project ToolsVersion="4.0" xmlns="http://schemas.microsoft.com/developer/msbuild/2003">
  <ItemGroup>
    <Filter Include="Framework">
      <UniqueIdentifier>{ceeacff1-e10d-44dc-ae7b-43f0d075bd52}</UniqueIdentifier>
    </Filter>
    <Filter Include="Tests">
      <UniqueIdentifier>{3c1089af-1688-4565-9a50-3a2e59d6e5f5}</UniqueIdentifier>
    </Filter>
    <Filter Include="Core">
      <UniqueIdentifier>{8f55c96c-251c-48b8-aea3-60bcf2305799}</UniqueIdentifier>
    </Filter>
    <Filter Include="Renderer">
      <UniqueIdentifier>{c77c9b24-05c8-47d0-b1c8-917015999edb}</UniqueIdentifier>
    </Filter>
    <Filter Include="Renderer\Proxy">
      <UniqueIdentifier>{3eb64028-56c7-4305-a15b-0a87edbb2444}</UniqueIdentifier>
    </Filter>
    <Filter Include="Core\Types">
      <UniqueIdentifier>{bbff4234-7ca3-4e57-a5be-4900dced3599}</UniqueIdentifier>
    </Filter>
    <Filter Include="Win32">
      <UniqueIdentifier>{d58398ab-ceb8-46ea-bb42-7ef9589d7fc2}</UniqueIdentifier>
    </Filter>
    <Filter Include="Assets">
      <UniqueIdentifier>{d57b6cae-c17d-4528-968d-09065e2c0fae}</UniqueIdentifier>
    </Filter>
    <Filter Include="Console">
      <UniqueIdentifier>{5c820a59-d7b8-4d80-b1d4-beb7544699ac}</UniqueIdentifier>
    </Filter>
    <Filter Include="Tools">
      <UniqueIdentifier>{08f86eec-a400-4d06-a8cd-4182b3b7fe69}</UniqueIdentifier>
    </Filter>
    <Filter Include="Extern">
      <UniqueIdentifier>{9f563a9d-0ef0-4a97-9aca-c505fff3b1cc}</UniqueIdentifier>
    </Filter>
    <Filter Include="Extern\zlib">
      <UniqueIdentifier>{2f7a4a6c-8a0d-4352-bdc1-c99e77206b0f}</UniqueIdentifier>
    </Filter>
    <Filter Include="Root">
      <UniqueIdentifier>{f0ca69c6-629b-4328-879f-62d184b3d2f2}</UniqueIdentifier>
    </Filter>
    <Filter Include="Streaming">
      <UniqueIdentifier>{cdd81bf6-f0e7-4a46-83cf-e6513608978d}</UniqueIdentifier>
    </Filter>
    <Filter Include="Material">
      <UniqueIdentifier>{3dc133cc-c866-4489-9d48-688fb74a3e5e}</UniqueIdentifier>
    </Filter>
    <Filter Include="Library">
      <UniqueIdentifier>{f46563e8-0e82-4012-bd71-33ba2307fc6c}</UniqueIdentifier>
    </Filter>
    <Filter Include="File">
      <UniqueIdentifier>{16f5991a-7bf3-4919-8151-8b43c24b787c}</UniqueIdentifier>
    </Filter>
    <Filter Include="Debugging">
      <UniqueIdentifier>{a475e7a4-9b93-4f19-a28b-15cffa62664c}</UniqueIdentifier>
    </Filter>
    <Filter Include="Resource">
      <UniqueIdentifier>{67DA6AB6-F800-4c08-8B7A-83BB121AAD01}</UniqueIdentifier>
      <Extensions>rc;ico;cur;bmp;dlg;rc2;rct;bin;rgs;gif;jpg;jpeg;jpe;resx;tiff;tif;png;wav;mfcribbon-ms</Extensions>
    </Filter>
    <Filter Include="Shaders">
      <UniqueIdentifier>{e99a36ec-ce0e-4130-a843-244be6cbb71d}</UniqueIdentifier>
    </Filter>
    <Filter Include="Shaders\dx11">
      <UniqueIdentifier>{61eb2b6b-164c-4f76-ab7c-bc20c90178ff}</UniqueIdentifier>
    </Filter>
    <Filter Include="Shaders\incl">
      <UniqueIdentifier>{842c6efa-af17-48ce-b97b-2718b5811c9b}</UniqueIdentifier>
    </Filter>
    <Filter Include="Renderer\Resources">
      <UniqueIdentifier>{5935ebbd-d257-4f34-9c55-b8d3d136bbd3}</UniqueIdentifier>
    </Filter>
    <Filter Include="Renderer\DirectX11">
      <UniqueIdentifier>{010797a2-3ac3-425e-b4ad-e97050cc7cea}</UniqueIdentifier>
    </Filter>
    <Filter Include="Renderer\DirectX11\Shaders">
      <UniqueIdentifier>{60f44897-9064-4b0e-b271-fc0c5eb65c9c}</UniqueIdentifier>
    </Filter>
  </ItemGroup>
  <ItemGroup>
    <ClInclude Include="include\Hyperion\Hyperion.h">
      <Filter>Root</Filter>
    </ClInclude>
    <ClInclude Include="Include\Hyperion\Framework\Entity.h">
      <Filter>Framework</Filter>
    </ClInclude>
    <ClInclude Include="Include\Hyperion\Framework\World.h">
      <Filter>Framework</Filter>
    </ClInclude>
    <ClInclude Include="Include\Hyperion\Core\InputManager.h">
      <Filter>Core</Filter>
    </ClInclude>
    <ClInclude Include="Include\Hyperion\Framework\Component.h">
      <Filter>Framework</Filter>
    </ClInclude>
    <ClInclude Include="Include\Hyperion\Renderer\Proxy\ProxyScene.h">
      <Filter>Renderer\Proxy</Filter>
    </ClInclude>
    <ClInclude Include="Include\Hyperion\Framework\ViewState.h">
      <Filter>Framework</Filter>
    </ClInclude>
    <ClInclude Include="Tests\SerializationTests.hpp">
      <Filter>Tests</Filter>
    </ClInclude>
    <ClInclude Include="Include\Hyperion\Constants.h">
      <Filter>Root</Filter>
    </ClInclude>
    <ClInclude Include="Include\Hyperion\Core\Types\Color.h">
      <Filter>Core\Types</Filter>
    </ClInclude>
    <ClInclude Include="Include\Hyperion\Core\Types\Point.h">
      <Filter>Core\Types</Filter>
    </ClInclude>
    <ClInclude Include="Tests\MemoryTests.hpp">
      <Filter>Tests</Filter>
    </ClInclude>
    <ClInclude Include="Include\Hyperion\Core\String.h">
      <Filter>Core</Filter>
    </ClInclude>
    <ClInclude Include="Tests\EncodingTests.hpp">
      <Filter>Tests</Filter>
    </ClInclude>
    <ClInclude Include="Tests\StringTests.hpp">
      <Filter>Tests</Filter>
    </ClInclude>
    <ClInclude Include="Include\Hyperion\Core\Stream.h">
      <Filter>Core</Filter>
    </ClInclude>
    <ClInclude Include="Tests\BufferTests.hpp">
      <Filter>Tests</Filter>
    </ClInclude>
    <ClInclude Include="Include\Hyperion\Win32\Win32FileSystem.h">
      <Filter>Win32</Filter>
    </ClInclude>
    <ClInclude Include="Tests\FileTests.hpp">
      <Filter>Tests</Filter>
    </ClInclude>
    <ClInclude Include="Include\Hyperion\Win32\Win32Platform.h">
      <Filter>Win32</Filter>
    </ClInclude>
    <ClInclude Include="Include\Hyperion\Core\PlatformImpl.h">
      <Filter>Core</Filter>
    </ClInclude>
    <ClInclude Include="Include\Hyperion\Core\Platform.h">
      <Filter>Core</Filter>
    </ClInclude>
    <ClInclude Include="Include\Hyperion\Core\Asset.h">
      <Filter>Core</Filter>
    </ClInclude>
    <ClInclude Include="Include\Hyperion\Core\AssetManager.h">
      <Filter>Core</Filter>
    </ClInclude>
    <ClInclude Include="Tests\AssetTests.hpp">
      <Filter>Tests</Filter>
    </ClInclude>
    <ClInclude Include="Include\Hyperion\Core\Memory.h">
      <Filter>Core</Filter>
    </ClInclude>
    <ClInclude Include="Include\Hyperion\Core\Threading.h">
      <Filter>Core</Filter>
    </ClInclude>
    <ClInclude Include="Include\Hyperion\Core\Async.h">
      <Filter>Core</Filter>
    </ClInclude>
    <ClInclude Include="Tests\RenderTests.hpp">
      <Filter>Tests</Filter>
    </ClInclude>
    <ClInclude Include="Include\Hyperion\Renderer\Proxy\ProxyBase.h">
      <Filter>Renderer\Proxy</Filter>
    </ClInclude>
    <ClInclude Include="Include\Hyperion\Core\Types\ConcurrentQueue.h">
      <Filter>Core\Types</Filter>
    </ClInclude>
    <ClInclude Include="Include\Hyperion\Renderer\Proxy\ProxyLight.h">
      <Filter>Renderer\Proxy</Filter>
    </ClInclude>
    <ClInclude Include="Include\Hyperion\Renderer\Proxy\ProxyPrimitive.h">
      <Filter>Renderer\Proxy</Filter>
    </ClInclude>
    <ClInclude Include="Include\Hyperion\Core\Object.h">
      <Filter>Core</Filter>
    </ClInclude>
    <ClInclude Include="Include\Hyperion\Framework\RenderComponent.h">
      <Filter>Framework</Filter>
    </ClInclude>
    <ClInclude Include="Include\Hyperion\Core\GameInstance.h">
      <Filter>Core</Filter>
    </ClInclude>
    <ClInclude Include="Include\Hyperion\Console\Console.h">
      <Filter>Console</Filter>
    </ClInclude>
    <ClInclude Include="Include\Hyperion\Core\ThreadManager.h">
      <Filter>Core</Filter>
    </ClInclude>
    <ClInclude Include="Include\Hyperion\Console\ConsoleVarInstance.h">
      <Filter>Console</Filter>
    </ClInclude>
    <ClInclude Include="Include\Hyperion\Console\ConsoleVar.h">
      <Filter>Console</Filter>
    </ClInclude>
    <ClInclude Include="Include\Hyperion\Ints.h">
      <Filter>Root</Filter>
    </ClInclude>
    <ClInclude Include="Include\Hyperion\Macros.h">
      <Filter>Root</Filter>
    </ClInclude>
    <ClInclude Include="Include\Hyperion\Framework\PrimitiveComponent.h">
      <Filter>Framework</Filter>
    </ClInclude>
    <ClInclude Include="Include\Hyperion\Framework\CameraComponent.h">
      <Filter>Framework</Filter>
    </ClInclude>
    <ClInclude Include="Include\Hyperion\Framework\LightComponent.h">
      <Filter>Framework</Filter>
    </ClInclude>
    <ClInclude Include="Include\Hyperion\Framework\TestEntity.h">
      <Filter>Framework</Filter>
    </ClInclude>
    <ClInclude Include="Include\Hyperion\Assets\TextureAsset.h">
      <Filter>Assets</Filter>
    </ClInclude>
    <ClInclude Include="Include\Hyperion\Extern\zlib\zconf.h">
      <Filter>Extern\zlib</Filter>
    </ClInclude>
    <ClInclude Include="Include\Hyperion\Extern\zlib\zlib.h">
      <Filter>Extern\zlib</Filter>
    </ClInclude>
    <ClInclude Include="Include\Hyperion\Tools\Deflate.h">
      <Filter>Tools</Filter>
    </ClInclude>
    <ClInclude Include="Tests\ZLibTests.hpp">
      <Filter>Tests</Filter>
    </ClInclude>
    <ClInclude Include="Include\Hyperion\Tools\PNGReader.h">
      <Filter>Tools</Filter>
    </ClInclude>
    <ClInclude Include="Tests\PNGTests.hpp">
      <Filter>Tests</Filter>
    </ClInclude>
    <ClInclude Include="Include\Hyperion\Tools\ImageLoader.h">
      <Filter>Tools</Filter>
    </ClInclude>
    <ClInclude Include="Include\Hyperion\Assets\MaterialAsset.h">
      <Filter>Assets</Filter>
    </ClInclude>
    <ClInclude Include="Include\Hyperion\Assets\StaticModelAsset.h">
      <Filter>Assets</Filter>
    </ClInclude>
    <ClInclude Include="Include\Hyperion\Assets\DynamicModelAsset.h">
      <Filter>Assets</Filter>
    </ClInclude>
    <ClInclude Include="Include\Hyperion\Framework\DynamicModelComponent.h">
      <Filter>Framework</Filter>
    </ClInclude>
    <ClInclude Include="Include\Hyperion\Framework\StaticModelComponent.h">
      <Filter>Framework</Filter>
    </ClInclude>
    <ClInclude Include="Include\Hyperion\Material\MaterialInstance.h">
      <Filter>Material</Filter>
    </ClInclude>
    <ClInclude Include="Include\Hyperion\Streaming\AdaptiveAssetManager.h">
      <Filter>Streaming</Filter>
    </ClInclude>
    <ClInclude Include="Include\Hyperion\Streaming\AdaptiveModel.h">
      <Filter>Streaming</Filter>
    </ClInclude>
    <ClInclude Include="Include\Hyperion\Streaming\AdaptiveStaticModel.h">
      <Filter>Streaming</Filter>
    </ClInclude>
    <ClInclude Include="Include\Hyperion\Streaming\AdaptiveTexture.h">
      <Filter>Streaming</Filter>
    </ClInclude>
    <ClInclude Include="Include\Hyperion\Streaming\AdaptiveDynamicModel.h">
      <Filter>Streaming</Filter>
    </ClInclude>
    <ClInclude Include="Include\Hyperion\Streaming\AdaptiveBase.h">
      <Filter>Streaming</Filter>
    </ClInclude>
    <ClInclude Include="Include\Hyperion\Streaming\DataTypes.h">
      <Filter>Streaming</Filter>
    </ClInclude>
    <ClInclude Include="Include\Hyperion\Streaming\Events.h">
      <Filter>Streaming</Filter>
    </ClInclude>
    <ClInclude Include="Include\Hyperion\File\FilePath.h">
      <Filter>File</Filter>
    </ClInclude>
    <ClInclude Include="Include\Hyperion\File\IFileServices.h">
      <Filter>File</Filter>
    </ClInclude>
    <ClInclude Include="Include\Hyperion\File\IFile.h">
      <Filter>File</Filter>
    </ClInclude>
    <ClInclude Include="Include\Hyperion\File\IDirectory.h">
      <Filter>File</Filter>
    </ClInclude>
    <ClInclude Include="Include\Hyperion\Tools\HVBReader.h">
      <Filter>Tools</Filter>
    </ClInclude>
    <ClInclude Include="Include\Hyperion\Tools\HHTReader.h">
      <Filter>Tools</Filter>
    </ClInclude>
    <ClInclude Include="Include\Hyperion\Tools\HTXReader.h">
      <Filter>Tools</Filter>
    </ClInclude>
    <ClInclude Include="Include\Hyperion\Library\Mutex.hpp">
      <Filter>Library</Filter>
    </ClInclude>
    <ClInclude Include="Include\Hyperion\Library\Serialization.h">
      <Filter>Library</Filter>
    </ClInclude>
    <ClInclude Include="Include\Hyperion\Library\UTF8.hpp">
      <Filter>Library</Filter>
    </ClInclude>
    <ClInclude Include="Include\Hyperion\Library\UTF16.hpp">
      <Filter>Library</Filter>
    </ClInclude>
    <ClInclude Include="Include\Hyperion\Library\UTF32.hpp">
      <Filter>Library</Filter>
    </ClInclude>
    <ClInclude Include="Include\Hyperion\Library\Binary.h">
      <Filter>Library</Filter>
    </ClInclude>
    <ClInclude Include="Include\Hyperion\Library\Memory.hpp">
      <Filter>Library</Filter>
    </ClInclude>
    <ClInclude Include="Tests\TextureTests.hpp">
      <Filter>Tests</Filter>
    </ClInclude>
    <ClInclude Include="Include\Hyperion\Tools\HTXWriter.h">
      <Filter>Tools</Filter>
    </ClInclude>
    <ClInclude Include="Include\Hyperion\Tools\HHTWriter.h">
      <Filter>Tools</Filter>
    </ClInclude>
    <ClInclude Include="Include\Hyperion\Library\Crypto.h">
      <Filter>Library</Filter>
    </ClInclude>
    <ClInclude Include="Include\Hyperion\Framework\Player.h">
      <Filter>Framework</Filter>
    </ClInclude>
    <ClInclude Include="Include\Hyperion\Framework\LocalPlayer.h">
      <Filter>Framework</Filter>
    </ClInclude>
    <ClInclude Include="Include\Hyperion\Tools\HMATReader.h">
      <Filter>Tools</Filter>
    </ClInclude>
    <ClInclude Include="Include\Hyperion\Tools\HMATWriter.h">
      <Filter>Tools</Filter>
    </ClInclude>
    <ClInclude Include="Tests\MaterialTests.hpp">
      <Filter>Tests</Filter>
    </ClInclude>
    <ClInclude Include="Include\Hyperion\Renderer\Proxy\ProxyStaticModel.h">
      <Filter>Renderer\Proxy</Filter>
    </ClInclude>
    <ClInclude Include="Include\Hyperion\Tools\HSMReader.h">
      <Filter>Tools</Filter>
    </ClInclude>
    <ClInclude Include="Tests\HSMTests.hpp">
      <Filter>Tests</Filter>
    </ClInclude>
    <ClInclude Include="Include\Hyperion\Core\AssetType.h">
      <Filter>Core</Filter>
    </ClInclude>
    <ClInclude Include="Include\Hyperion\File\FileSystem.h">
      <Filter>File</Filter>
    </ClInclude>
    <ClInclude Include="Include\Hyperion\Core\RTTI.h">
      <Filter>Core</Filter>
    </ClInclude>
    <ClInclude Include="Include\Hyperion\Core\Engine.h">
      <Filter>Core</Filter>
    </ClInclude>
    <ClInclude Include="Include\Hyperion\Win32\Win32Headers.h">
      <Filter>Win32</Filter>
    </ClInclude>
    <ClInclude Include="resource.h" />
    <ClInclude Include="Include\Hyperion\Streaming\BasicStreamingManager.h">
      <Filter>Streaming</Filter>
    </ClInclude>
    <ClInclude Include="Include\Hyperion\Library\Color.h">
      <Filter>Library</Filter>
    </ClInclude>
    <ClInclude Include="Include\Hyperion\Framework\AI.h">
      <Filter>Framework</Filter>
    </ClInclude>
    <ClInclude Include="Include\Hyperion\Framework\MovementComponent.h">
      <Filter>Framework</Filter>
    </ClInclude>
    <ClInclude Include="Include\Hyperion\Framework\Character.h">
      <Filter>Framework</Filter>
    </ClInclude>
    <ClInclude Include="Include\Hyperion\Framework\CharacterController.h">
      <Filter>Framework</Filter>
    </ClInclude>
    <ClInclude Include="Include\Hyperion\Framework\NoClipMovementComponent.h">
      <Filter>Framework</Filter>
    </ClInclude>
    <ClInclude Include="Include\Hyperion\Library\Geometry.h">
      <Filter>Library</Filter>
    </ClInclude>
    <ClInclude Include="Include\Hyperion\Library\Math.h">
      <Filter>Library</Filter>
    </ClInclude>
    <ClInclude Include="Include\Hyperion\InputTypes.h">
      <Filter>Root</Filter>
    </ClInclude>
    <ClInclude Include="Include\Hyperion\Framework\PointLight.h">
      <Filter>Framework</Filter>
    </ClInclude>
    <ClInclude Include="Include\Hyperion\Framework\TransparencyTestEntity.h">
      <Filter>Framework</Filter>
    </ClInclude>
    <ClInclude Include="Include\Hyperion\Core\Profiling.h">
      <Filter>Core</Filter>
    </ClInclude>
    <ClInclude Include="Shaders\incl\FXAA.h">
      <Filter>Shaders\incl</Filter>
    </ClInclude>
    <ClInclude Include="Include\Hyperion\Renderer\GBuffer.h">
      <Filter>Renderer</Filter>
    </ClInclude>
    <ClInclude Include="Include\Hyperion\Renderer\IGraphics.h">
      <Filter>Renderer</Filter>
    </ClInclude>
    <ClInclude Include="Include\Hyperion\Renderer\LightBuffer.h">
      <Filter>Renderer</Filter>
    </ClInclude>
    <ClInclude Include="Include\Hyperion\Renderer\PostProcessFX.h">
      <Filter>Renderer</Filter>
    </ClInclude>
    <ClInclude Include="Include\Hyperion\Renderer\Renderer.h">
      <Filter>Renderer</Filter>
    </ClInclude>
    <ClInclude Include="Include\Hyperion\Renderer\RenderPipeline.h">
      <Filter>Renderer</Filter>
    </ClInclude>
    <ClInclude Include="Include\Hyperion\Renderer\ResourceManager.h">
      <Filter>Renderer</Filter>
    </ClInclude>
    <ClInclude Include="Include\Hyperion\Renderer\ViewClusters.h">
      <Filter>Renderer</Filter>
    </ClInclude>
    <ClInclude Include="Include\Hyperion\Renderer\BatchCollector.h">
      <Filter>Renderer</Filter>
    </ClInclude>
    <ClInclude Include="Include\Hyperion\Renderer\DataTypes.h">
      <Filter>Renderer</Filter>
    </ClInclude>
    <ClInclude Include="Include\Hyperion\Renderer\DeferredRenderer.h">
      <Filter>Renderer</Filter>
    </ClInclude>
    <ClInclude Include="Include\Hyperion\Renderer\Resources\RMaterial.h">
      <Filter>Renderer\Resources</Filter>
    </ClInclude>
    <ClInclude Include="Include\Hyperion\Renderer\Resources\RMesh.h">
      <Filter>Renderer\Resources</Filter>
    </ClInclude>
    <ClInclude Include="Include\Hyperion\Renderer\Resources\RRenderTarget.h">
      <Filter>Renderer\Resources</Filter>
    </ClInclude>
    <ClInclude Include="Include\Hyperion\Renderer\Resources\RShader.h">
      <Filter>Renderer\Resources</Filter>
    </ClInclude>
    <ClInclude Include="Include\Hyperion\Renderer\Resources\RTexture.h">
      <Filter>Renderer\Resources</Filter>
    </ClInclude>
    <ClInclude Include="Include\Hyperion\Renderer\Resources\RBuffer.h">
      <Filter>Renderer\Resources</Filter>
    </ClInclude>
    <ClInclude Include="Include\Hyperion\Renderer\DirectX11\DirectX11LightBuffer.h">
      <Filter>Renderer\DirectX11</Filter>
    </ClInclude>
    <ClInclude Include="Include\Hyperion\Renderer\DirectX11\DirectX11ViewClusters.h">
      <Filter>Renderer\DirectX11</Filter>
    </ClInclude>
    <ClInclude Include="Include\Hyperion\Renderer\DirectX11\DirectX11.h">
      <Filter>Renderer\DirectX11</Filter>
    </ClInclude>
    <ClInclude Include="Include\Hyperion\Renderer\DirectX11\DirectX11Frustum.h">
      <Filter>Renderer\DirectX11</Filter>
    </ClInclude>
    <ClInclude Include="Include\Hyperion\Renderer\DirectX11\Shaders\DX11ForwardPreZShader.h">
      <Filter>Renderer\DirectX11\Shaders</Filter>
    </ClInclude>
    <ClInclude Include="Include\Hyperion\Renderer\DirectX11\Shaders\DX11FXAAShader.h">
      <Filter>Renderer\DirectX11\Shaders</Filter>
    </ClInclude>
    <ClInclude Include="Include\Hyperion\Renderer\DirectX11\Shaders\DX11GBufferPixelShader.h">
      <Filter>Renderer\DirectX11\Shaders</Filter>
    </ClInclude>
    <ClInclude Include="Include\Hyperion\Renderer\DirectX11\Shaders\DX11LightingPixelShader.h">
      <Filter>Renderer\DirectX11\Shaders</Filter>
    </ClInclude>
    <ClInclude Include="Include\Hyperion\Renderer\DirectX11\Shaders\DX11SceneVertexShader.h">
      <Filter>Renderer\DirectX11\Shaders</Filter>
    </ClInclude>
    <ClInclude Include="Include\Hyperion\Renderer\DirectX11\Shaders\DX11ScreenVertexShader.h">
      <Filter>Renderer\DirectX11\Shaders</Filter>
    </ClInclude>
    <ClInclude Include="Include\Hyperion\Renderer\DirectX11\Shaders\DX11BuildClustersShader.h">
      <Filter>Renderer\DirectX11\Shaders</Filter>
    </ClInclude>
    <ClInclude Include="Include\Hyperion\Renderer\DirectX11\Shaders\DX11CullLightsShader.h">
      <Filter>Renderer\DirectX11\Shaders</Filter>
    </ClInclude>
    <ClInclude Include="Include\Hyperion\Renderer\DirectX11\Shaders\DX11FindClustersShader.h">
      <Filter>Renderer\DirectX11\Shaders</Filter>
    </ClInclude>
    <ClInclude Include="Include\Hyperion\Renderer\DirectX11\Shaders\DX11ForwardPixelShader.h">
      <Filter>Renderer\DirectX11\Shaders</Filter>
    </ClInclude>
    <ClInclude Include="Include\Hyperion\Renderer\MaterialBuffer.h" />
    <ClInclude Include="Include\Hyperion\Renderer\DirectX11\Shaders\DX11ShadowVertexShader.h">
      <Filter>Renderer\DirectX11\Shaders</Filter>
    </ClInclude>
    <ClInclude Include="Include\Hyperion\Renderer\DirectX11\Shaders\DX11ShadowPixelShader.h">
      <Filter>Renderer\DirectX11\Shaders</Filter>
    </ClInclude>
    <ClInclude Include="Include\Hyperion\Renderer\DynamicShadowState.h">
      <Filter>Renderer</Filter>
    </ClInclude>
    <ClInclude Include="Include\Hyperion\Renderer\RMath.h">
      <Filter>Renderer</Filter>
    </ClInclude>
    <ClInclude Include="Include\Hyperion\Renderer\DirectX11\DX11Graphics.h">
      <Filter>Renderer\DirectX11</Filter>
    </ClInclude>
    <ClInclude Include="Include\Hyperion\Renderer\DirectX11\DX11Math.h">
      <Filter>Renderer\DirectX11</Filter>
    </ClInclude>
    <ClInclude Include="Include\Hyperion\Renderer\DirectX11\DX11Texture.h">
      <Filter>Renderer\DirectX11</Filter>
    </ClInclude>
    <ClInclude Include="Include\Hyperion\Renderer\DirectX11\DX11Buffer.h">
      <Filter>Renderer\DirectX11</Filter>
    </ClInclude>
    <ClInclude Include="Include\Hyperion\Renderer\Resources\RGraphicsResource.h">
      <Filter>Renderer\Resources</Filter>
    </ClInclude>
    <ClInclude Include="Include\Hyperion\Renderer\DirectX11\RDX11Resource.h">
      <Filter>Renderer\DirectX11</Filter>
    </ClInclude>
  </ItemGroup>
  <ItemGroup>
    <ClCompile Include="Source\Framework\Entity.cpp">
      <Filter>Framework</Filter>
    </ClCompile>
    <ClCompile Include="Source\Framework\World.cpp">
      <Filter>Framework</Filter>
    </ClCompile>
    <ClCompile Include="Source\Core\Object.cpp">
      <Filter>Core</Filter>
    </ClCompile>
    <ClCompile Include="Source\Core\InputManager.cpp">
      <Filter>Core</Filter>
    </ClCompile>
    <ClCompile Include="Source\Framework\Component.cpp">
      <Filter>Framework</Filter>
    </ClCompile>
    <ClCompile Include="Source\Renderer\Proxy\ProxyScene.cpp">
      <Filter>Renderer\Proxy</Filter>
    </ClCompile>
    <ClCompile Include="Source\Hyperion.cpp">
      <Filter>Root</Filter>
    </ClCompile>
    <ClCompile Include="Source\Core\Types\Point.cpp">
      <Filter>Core\Types</Filter>
    </ClCompile>
    <ClCompile Include="Source\Core\String.cpp">
      <Filter>Core</Filter>
    </ClCompile>
    <ClCompile Include="Source\Core\Stream.cpp">
      <Filter>Core</Filter>
    </ClCompile>
    <ClCompile Include="Source\Win32\Win32FileSystem.cpp">
      <Filter>Win32</Filter>
    </ClCompile>
    <ClCompile Include="Source\Win32\Win32Platform.cpp">
      <Filter>Win32</Filter>
    </ClCompile>
    <ClCompile Include="Source\Core\AssetManager.cpp">
      <Filter>Core</Filter>
    </ClCompile>
    <ClCompile Include="Source\Core\Threading.cpp">
      <Filter>Core</Filter>
    </ClCompile>
    <ClCompile Include="Source\Renderer\Proxy\ProxyBase.cpp">
      <Filter>Renderer\Proxy</Filter>
    </ClCompile>
    <ClCompile Include="Source\Framework\RenderComponent.cpp">
      <Filter>Framework</Filter>
    </ClCompile>
    <ClCompile Include="Source\Console\Console.cpp">
      <Filter>Console</Filter>
    </ClCompile>
    <ClCompile Include="Source\Core\ThreadManager.cpp">
      <Filter>Core</Filter>
    </ClCompile>
    <ClCompile Include="Source\Console\ConsoleVarInstance.cpp">
      <Filter>Console</Filter>
    </ClCompile>
    <ClCompile Include="Source\Core\GameInstance.cpp">
      <Filter>Core</Filter>
    </ClCompile>
    <ClCompile Include="Source\Framework\PrimitiveComponent.cpp">
      <Filter>Framework</Filter>
    </ClCompile>
    <ClCompile Include="Source\Framework\CameraComponent.cpp">
      <Filter>Framework</Filter>
    </ClCompile>
    <ClCompile Include="Source\Framework\LightComponent.cpp">
      <Filter>Framework</Filter>
    </ClCompile>
    <ClCompile Include="Source\Framework\TestEntity.cpp">
      <Filter>Framework</Filter>
    </ClCompile>
    <ClCompile Include="Source\Tools\Deflate.cpp">
      <Filter>Tools</Filter>
    </ClCompile>
    <ClCompile Include="Source\Tools\PNGReader.cpp">
      <Filter>Tools</Filter>
    </ClCompile>
    <ClCompile Include="Source\Assets\TextureAsset.cpp">
      <Filter>Assets</Filter>
    </ClCompile>
    <ClCompile Include="Source\Tools\ImageLoader.cpp">
      <Filter>Tools</Filter>
    </ClCompile>
    <ClCompile Include="Source\Framework\StaticModelComponent.cpp">
      <Filter>Framework</Filter>
    </ClCompile>
    <ClCompile Include="Source\Framework\DynamicModelComponent.cpp">
      <Filter>Framework</Filter>
    </ClCompile>
    <ClCompile Include="Source\Material\MaterialInstance.cpp">
      <Filter>Material</Filter>
    </ClCompile>
    <ClCompile Include="Source\Streaming\AdaptiveAssetManager.cpp">
      <Filter>Streaming</Filter>
    </ClCompile>
    <ClCompile Include="Source\Streaming\AdaptiveTexture.cpp">
      <Filter>Streaming</Filter>
    </ClCompile>
    <ClCompile Include="Source\Streaming\AdaptiveStaticModel.cpp">
      <Filter>Streaming</Filter>
    </ClCompile>
    <ClCompile Include="Source\Streaming\AdaptiveDynamicModel.cpp">
      <Filter>Streaming</Filter>
    </ClCompile>
    <ClCompile Include="Source\File\FilePath.cpp">
      <Filter>File</Filter>
    </ClCompile>
    <ClCompile Include="Source\File\IFileServices.cpp">
      <Filter>File</Filter>
    </ClCompile>
    <ClCompile Include="Source\Tools\HVBReader.cpp">
      <Filter>Tools</Filter>
    </ClCompile>
    <ClCompile Include="Source\Tools\HHTReader.cpp">
      <Filter>Tools</Filter>
    </ClCompile>
    <ClCompile Include="Source\Tools\HTXReader.cpp">
      <Filter>Tools</Filter>
    </ClCompile>
    <ClCompile Include="Source\Library\Binary.cpp">
      <Filter>Library</Filter>
    </ClCompile>
    <ClCompile Include="Source\Library\Serialization.cpp">
      <Filter>Library</Filter>
    </ClCompile>
    <ClCompile Include="Source\Tools\HTXWriter.cpp">
      <Filter>Tools</Filter>
    </ClCompile>
    <ClCompile Include="Source\Tools\HHTWriter.cpp">
      <Filter>Tools</Filter>
    </ClCompile>
    <ClCompile Include="Source\Library\Crypto.cpp">
      <Filter>Library</Filter>
    </ClCompile>
    <ClCompile Include="Source\Framework\Player.cpp">
      <Filter>Framework</Filter>
    </ClCompile>
    <ClCompile Include="Source\Framework\LocalPlayer.cpp">
      <Filter>Framework</Filter>
    </ClCompile>
    <ClCompile Include="Source\Tools\HMATReader.cpp">
      <Filter>Tools</Filter>
    </ClCompile>
    <ClCompile Include="Source\Tools\HMATWriter.cpp">
      <Filter>Tools</Filter>
    </ClCompile>
    <ClCompile Include="Source\Assets\MaterialAsset.cpp">
      <Filter>Assets</Filter>
    </ClCompile>
    <ClCompile Include="Source\Renderer\Proxy\ProxyStaticModel.cpp">
      <Filter>Renderer\Proxy</Filter>
    </ClCompile>
    <ClCompile Include="Source\Tools\HSMReader.cpp">
      <Filter>Tools</Filter>
    </ClCompile>
    <ClCompile Include="Source\Assets\StaticModelAsset.cpp">
      <Filter>Assets</Filter>
    </ClCompile>
    <ClCompile Include="Source\File\FileSystem.cpp">
      <Filter>File</Filter>
    </ClCompile>
    <ClCompile Include="Source\Core\RTTI.cpp">
      <Filter>Core</Filter>
    </ClCompile>
    <ClCompile Include="Source\Core\Engine.cpp">
      <Filter>Core</Filter>
    </ClCompile>
    <ClCompile Include="Source\Win32\Win32Main.cpp">
      <Filter>Win32</Filter>
    </ClCompile>
    <ClCompile Include="Source\Streaming\BasicStreamingManager.cpp">
      <Filter>Streaming</Filter>
    </ClCompile>
    <ClCompile Include="Source\Library\Color.cpp">
      <Filter>Library</Filter>
    </ClCompile>
    <ClCompile Include="Source\Framework\MovementComponent.cpp">
      <Filter>Framework</Filter>
    </ClCompile>
    <ClCompile Include="Source\Framework\AI.cpp">
      <Filter>Framework</Filter>
    </ClCompile>
    <ClCompile Include="Source\Framework\Character.cpp">
      <Filter>Framework</Filter>
    </ClCompile>
    <ClCompile Include="Source\Framework\CharacterController.cpp">
      <Filter>Framework</Filter>
    </ClCompile>
    <ClCompile Include="Source\Framework\NoClipMovementComponent.cpp">
      <Filter>Framework</Filter>
    </ClCompile>
    <ClCompile Include="Source\Library\Math.cpp">
      <Filter>Library</Filter>
    </ClCompile>
    <ClCompile Include="Source\Library\Geometry.cpp">
      <Filter>Library</Filter>
    </ClCompile>
    <ClCompile Include="Source\Framework\PointLight.cpp">
      <Filter>Framework</Filter>
    </ClCompile>
    <ClCompile Include="Source\Framework\TransparencyTestEntity.cpp">
      <Filter>Framework</Filter>
    </ClCompile>
    <ClCompile Include="Source\Renderer\DataTypes.cpp">
      <Filter>Renderer</Filter>
    </ClCompile>
    <ClCompile Include="Source\Renderer\DeferredRenderer.cpp">
      <Filter>Renderer</Filter>
    </ClCompile>
    <ClCompile Include="Source\Renderer\GBuffer.cpp">
      <Filter>Renderer</Filter>
    </ClCompile>
    <ClCompile Include="Source\Renderer\Renderer.cpp">
      <Filter>Renderer</Filter>
    </ClCompile>
    <ClCompile Include="Source\Renderer\RenderPipeline.cpp">
      <Filter>Renderer</Filter>
    </ClCompile>
    <ClCompile Include="Source\Renderer\ResourceManager.cpp">
      <Filter>Renderer</Filter>
    </ClCompile>
    <ClCompile Include="Source\Renderer\DirectX11\Shaders\DX11ForwardPixelShader.cpp">
      <Filter>Renderer\DirectX11\Shaders</Filter>
    </ClCompile>
    <ClCompile Include="Source\Renderer\DirectX11\Shaders\DX11ForwardPreZShader.cpp">
      <Filter>Renderer\DirectX11\Shaders</Filter>
    </ClCompile>
    <ClCompile Include="Source\Renderer\DirectX11\Shaders\DX11FXAAShader.cpp">
      <Filter>Renderer\DirectX11\Shaders</Filter>
    </ClCompile>
    <ClCompile Include="Source\Renderer\DirectX11\Shaders\DX11GBufferPixelShader.cpp">
      <Filter>Renderer\DirectX11\Shaders</Filter>
    </ClCompile>
    <ClCompile Include="Source\Renderer\DirectX11\Shaders\DX11LightingPixelShader.cpp">
      <Filter>Renderer\DirectX11\Shaders</Filter>
    </ClCompile>
    <ClCompile Include="Source\Renderer\DirectX11\Shaders\DX11SceneVertexShader.cpp">
      <Filter>Renderer\DirectX11\Shaders</Filter>
    </ClCompile>
    <ClCompile Include="Source\Renderer\DirectX11\Shaders\DX11ScreenVertexShader.cpp">
      <Filter>Renderer\DirectX11\Shaders</Filter>
    </ClCompile>
    <ClCompile Include="Source\Renderer\DirectX11\Shaders\DX11BuildClustersShader.cpp">
      <Filter>Renderer\DirectX11\Shaders</Filter>
    </ClCompile>
    <ClCompile Include="Source\Renderer\DirectX11\Shaders\DX11CullLightsShader.cpp">
      <Filter>Renderer\DirectX11\Shaders</Filter>
    </ClCompile>
    <ClCompile Include="Source\Renderer\DirectX11\Shaders\DX11FindClustersShader.cpp">
      <Filter>Renderer\DirectX11\Shaders</Filter>
    </ClCompile>
    <ClCompile Include="Source\Renderer\DirectX11\Shaders\DX11ShadowPixelShader.cpp">
      <Filter>Renderer\DirectX11\Shaders</Filter>
    </ClCompile>
    <ClCompile Include="Source\Renderer\DirectX11\Shaders\DX11ShadowVertexShader.cpp">
      <Filter>Renderer\DirectX11\Shaders</Filter>
    </ClCompile>
    <ClCompile Include="Source\Renderer\DirectX11\DX11Graphics.cpp">
      <Filter>Renderer\DirectX11</Filter>
    </ClCompile>
    <ClCompile Include="Source\Renderer\DirectX11\DX11Texture.cpp">
      <Filter>Renderer\DirectX11</Filter>
    </ClCompile>
  </ItemGroup>
  <ItemGroup>
    <Natvis Include="String.natvis">
      <Filter>Debugging</Filter>
    </Natvis>
  </ItemGroup>
  <ItemGroup>
    <Image Include="Resource\IconLarge.ico">
      <Filter>Resource</Filter>
    </Image>
    <Image Include="Resource\IconSmall.ico">
      <Filter>Resource</Filter>
    </Image>
  </ItemGroup>
  <ItemGroup>
    <ResourceCompile Include="Resource.rc">
      <Filter>Resource</Filter>
    </ResourceCompile>
  </ItemGroup>
  <ItemGroup>
    <FxCompile Include="Shaders\dx11\gbuffer_pixel.hlsl">
      <Filter>Shaders\dx11</Filter>
    </FxCompile>
    <FxCompile Include="Shaders\dx11\scene_vertex.hlsl">
      <Filter>Shaders\dx11</Filter>
    </FxCompile>
    <FxCompile Include="Shaders\dx11\screen_vertex.hlsl">
      <Filter>Shaders\dx11</Filter>
    </FxCompile>
    <FxCompile Include="Shaders\dx11\lighting_pixel.hlsl">
      <Filter>Shaders\dx11</Filter>
    </FxCompile>
    <FxCompile Include="Shaders\dx11\build_clusters.hlsl">
      <Filter>Shaders\dx11</Filter>
    </FxCompile>
    <FxCompile Include="Shaders\dx11\find_clusters.hlsl">
      <Filter>Shaders\dx11</Filter>
    </FxCompile>
    <FxCompile Include="Shaders\dx11\cull_lights.hlsl">
      <Filter>Shaders\dx11</Filter>
    </FxCompile>
    <FxCompile Include="Shaders\dx11\forward_pre_z_pixel.hlsl">
      <Filter>Shaders\dx11</Filter>
    </FxCompile>
    <FxCompile Include="Shaders\dx11\forward_pixel.hlsl">
      <Filter>Shaders\dx11</Filter>
    </FxCompile>
    <FxCompile Include="Shaders\dx11\fxaa.hlsl">
      <Filter>Shaders\dx11</Filter>
    </FxCompile>
    <FxCompile Include="Shaders\dx11\shadow_pixel.hlsl">
      <Filter>Shaders\dx11</Filter>
    </FxCompile>
    <FxCompile Include="Shaders\dx11\shadow_vertex.hlsl">
      <Filter>Shaders\dx11</Filter>
    </FxCompile>
  </ItemGroup>
</Project>