<?xml version="1.0" encoding="utf-8"?>
<Project ToolsVersion="4.0" xmlns="http://schemas.microsoft.com/developer/msbuild/2003">
  <ItemGroup>
    <Filter Include="Resource Files">
      <UniqueIdentifier>{67DA6AB6-F800-4c08-8B7A-83BB121AAD01}</UniqueIdentifier>
      <Extensions>rc;ico;cur;bmp;dlg;rc2;rct;bin;rgs;gif;jpg;jpeg;jpe;resx;tiff;tif;png;wav;mfcribbon-ms</Extensions>
    </Filter>
    <Filter Include="Framework">
      <UniqueIdentifier>{ceeacff1-e10d-44dc-ae7b-43f0d075bd52}</UniqueIdentifier>
    </Filter>
    <Filter Include="Lib">
      <UniqueIdentifier>{f0ca69c6-629b-4328-879f-62d184b3d2f2}</UniqueIdentifier>
    </Filter>
    <Filter Include="Tests">
      <UniqueIdentifier>{3c1089af-1688-4565-9a50-3a2e59d6e5f5}</UniqueIdentifier>
    </Filter>
    <Filter Include="Core">
      <UniqueIdentifier>{8f55c96c-251c-48b8-aea3-60bcf2305799}</UniqueIdentifier>
    </Filter>
    <Filter Include="Renderer">
      <UniqueIdentifier>{c77c9b24-05c8-47d0-b1c8-917015999edb}</UniqueIdentifier>
    </Filter>
    <Filter Include="Renderer\DirectX11">
      <UniqueIdentifier>{ae4aecca-36f1-4629-b540-2a7f6d510445}</UniqueIdentifier>
    </Filter>
    <Filter Include="Renderer\Proxy">
      <UniqueIdentifier>{3eb64028-56c7-4305-a15b-0a87edbb2444}</UniqueIdentifier>
    </Filter>
    <Filter Include="Core\Types">
      <UniqueIdentifier>{bbff4234-7ca3-4e57-a5be-4900dced3599}</UniqueIdentifier>
    </Filter>
    <Filter Include="Core\Library">
      <UniqueIdentifier>{78355464-2caa-49c7-bb7c-a4b7aa49f0e7}</UniqueIdentifier>
    </Filter>
    <Filter Include="Win32">
      <UniqueIdentifier>{d58398ab-ceb8-46ea-bb42-7ef9589d7fc2}</UniqueIdentifier>
    </Filter>
    <Filter Include="Assets">
      <UniqueIdentifier>{d57b6cae-c17d-4528-968d-09065e2c0fae}</UniqueIdentifier>
    </Filter>
  </ItemGroup>
  <ItemGroup>
    <ClInclude Include="include\Hyperion\Hyperion.h">
      <Filter>Lib</Filter>
    </ClInclude>
    <ClInclude Include="Include\Hyperion\Framework\Entity.h">
      <Filter>Framework</Filter>
    </ClInclude>
    <ClInclude Include="Include\Hyperion\Framework\World.h">
      <Filter>Framework</Filter>
    </ClInclude>
    <ClInclude Include="Include\Hyperion\Core\Engine.h">
      <Filter>Core</Filter>
    </ClInclude>
    <ClInclude Include="Include\Hyperion\Core\Object.h">
      <Filter>Core</Filter>
    </ClInclude>
    <ClInclude Include="Include\Hyperion\Core\InputManager.h">
      <Filter>Core</Filter>
    </ClInclude>
    <ClInclude Include="Include\Hyperion\Framework\Component.h">
      <Filter>Framework</Filter>
    </ClInclude>
    <ClInclude Include="Include\Hyperion\Framework\PrimitiveComponent.h">
      <Filter>Framework</Filter>
    </ClInclude>
    <ClInclude Include="Include\Hyperion\Renderer\RenderFactory.h">
      <Filter>Renderer</Filter>
    </ClInclude>
    <ClInclude Include="Include\Hyperion\Renderer\Renderer.h">
      <Filter>Renderer</Filter>
    </ClInclude>
    <ClInclude Include="Include\Hyperion\Renderer\DirectX11\DirectX11Renderer.h">
      <Filter>Renderer\DirectX11</Filter>
    </ClInclude>
    <ClInclude Include="Include\Hyperion\Renderer\Proxy\ProxyScene.h">
      <Filter>Renderer\Proxy</Filter>
    </ClInclude>
    <ClInclude Include="Include\Hyperion\Framework\ViewState.h">
      <Filter>Framework</Filter>
    </ClInclude>
    <ClInclude Include="Tests\SerializationTests.hpp">
      <Filter>Tests</Filter>
    </ClInclude>
    <ClInclude Include="Include\Hyperion\Constants.h">
      <Filter>Lib</Filter>
    </ClInclude>
    <ClInclude Include="Include\Hyperion\Core\Library\Mutex.hpp">
      <Filter>Core\Library</Filter>
    </ClInclude>
    <ClInclude Include="Include\Hyperion\Core\Types\Angle.h">
      <Filter>Core\Types</Filter>
    </ClInclude>
    <ClInclude Include="Include\Hyperion\Core\Types\Color.h">
      <Filter>Core\Types</Filter>
    </ClInclude>
    <ClInclude Include="Include\Hyperion\Core\Types\Point.h">
      <Filter>Core\Types</Filter>
    </ClInclude>
    <ClInclude Include="Include\Hyperion\Core\Types\Vector.h">
      <Filter>Core\Types</Filter>
    </ClInclude>
    <ClInclude Include="Include\Hyperion\Core\Library\Serialization.h">
      <Filter>Core\Library</Filter>
    </ClInclude>
    <ClInclude Include="Include\Hyperion\Core\Library\Memory.hpp">
      <Filter>Core\Library</Filter>
    </ClInclude>
    <ClInclude Include="Tests\MemoryTests.hpp">
      <Filter>Tests</Filter>
    </ClInclude>
    <ClInclude Include="Include\Hyperion\Core\String.h">
      <Filter>Core</Filter>
    </ClInclude>
    <ClInclude Include="Tests\EncodingTests.hpp">
      <Filter>Tests</Filter>
    </ClInclude>
    <ClInclude Include="Include\Hyperion\Core\Library\UTF8.hpp">
      <Filter>Core\Library</Filter>
    </ClInclude>
    <ClInclude Include="Tests\StringTests.hpp">
      <Filter>Tests</Filter>
    </ClInclude>
    <ClInclude Include="Include\Hyperion\Core\Library\UTF16.hpp">
      <Filter>Core\Library</Filter>
    </ClInclude>
    <ClInclude Include="Include\Hyperion\Core\Library\UTF32.hpp">
      <Filter>Core\Library</Filter>
    </ClInclude>
    <ClInclude Include="Include\Hyperion\Core\Library\Binary.h">
      <Filter>Core\Library</Filter>
    </ClInclude>
    <ClInclude Include="Include\Hyperion\Core\File.h">
      <Filter>Core</Filter>
    </ClInclude>
    <ClInclude Include="Include\Hyperion\Core\Stream.h">
      <Filter>Core</Filter>
    </ClInclude>
    <ClInclude Include="Tests\BufferTests.hpp">
      <Filter>Tests</Filter>
    </ClInclude>
    <ClInclude Include="Include\Hyperion\Win32\Win32FileSystem.h">
      <Filter>Win32</Filter>
    </ClInclude>
    <ClInclude Include="Tests\FileTests.hpp">
      <Filter>Tests</Filter>
    </ClInclude>
    <ClInclude Include="Include\Hyperion\Win32\Win32Platform.h">
      <Filter>Win32</Filter>
    </ClInclude>
    <ClInclude Include="Include\Hyperion\Core\PlatformImpl.h">
      <Filter>Core</Filter>
    </ClInclude>
    <ClInclude Include="Include\Hyperion\Core\Platform.h">
      <Filter>Core</Filter>
    </ClInclude>
    <ClInclude Include="Include\Hyperion\Core\FileImpl.h">
      <Filter>Core</Filter>
    </ClInclude>
    <ClInclude Include="Include\Hyperion\Core\Asset.h">
      <Filter>Core</Filter>
    </ClInclude>
    <ClInclude Include="Include\Hyperion\Core\AssetLoader.h">
      <Filter>Core</Filter>
    </ClInclude>
    <ClInclude Include="Include\Hyperion\Core\AssetManager.h">
      <Filter>Core</Filter>
    </ClInclude>
    <ClInclude Include="Include\Hyperion\Core\VirtualFileSystem.h">
      <Filter>Core</Filter>
    </ClInclude>
    <ClInclude Include="Tests\AssetTests.hpp">
      <Filter>Tests</Filter>
    </ClInclude>
    <ClInclude Include="Include\Hyperion\Assets\TestAsset.h">
      <Filter>Assets</Filter>
    </ClInclude>
    <ClInclude Include="Include\Hyperion\Core\Memory.h">
      <Filter>Core</Filter>
    </ClInclude>
    <ClInclude Include="Include\Hyperion\Core\Threading.h">
      <Filter>Core</Filter>
    </ClInclude>
    <ClInclude Include="Include\Hyperion\Core\Async.h">
      <Filter>Core</Filter>
    </ClInclude>
  </ItemGroup>
  <ItemGroup>
    <ClCompile Include="Source\Framework\Entity.cpp">
      <Filter>Framework</Filter>
    </ClCompile>
    <ClCompile Include="Source\Framework\World.cpp">
      <Filter>Framework</Filter>
    </ClCompile>
    <ClCompile Include="Source\Core\Engine.cpp">
      <Filter>Core</Filter>
    </ClCompile>
    <ClCompile Include="Source\Core\Object.cpp">
      <Filter>Core</Filter>
    </ClCompile>
    <ClCompile Include="Source\Core\InputManager.cpp">
      <Filter>Core</Filter>
    </ClCompile>
    <ClCompile Include="Source\Framework\Component.cpp">
      <Filter>Framework</Filter>
    </ClCompile>
    <ClCompile Include="Source\Framework\PrimitiveComponent.cpp">
      <Filter>Framework</Filter>
    </ClCompile>
    <ClCompile Include="Source\Renderer\RenderFactory.cpp">
      <Filter>Renderer</Filter>
    </ClCompile>
    <ClCompile Include="Source\Renderer\Renderer.cpp">
      <Filter>Renderer</Filter>
    </ClCompile>
    <ClCompile Include="Source\Renderer\DirectX11\DirectX11Renderer.cpp">
      <Filter>Renderer\DirectX11</Filter>
    </ClCompile>
    <ClCompile Include="Source\Renderer\Proxy\ProxyScene.cpp">
      <Filter>Renderer\Proxy</Filter>
    </ClCompile>
    <ClCompile Include="Source\Hyperion.cpp">
      <Filter>Lib</Filter>
    </ClCompile>
    <ClCompile Include="Source\Core\Types\Angle.cpp">
      <Filter>Core\Types</Filter>
    </ClCompile>
    <ClCompile Include="Source\Core\Types\Color.cpp">
      <Filter>Core\Types</Filter>
    </ClCompile>
    <ClCompile Include="Source\Core\Types\Point.cpp">
      <Filter>Core\Types</Filter>
    </ClCompile>
    <ClCompile Include="Source\Core\Types\Vector.cpp">
      <Filter>Core\Types</Filter>
    </ClCompile>
    <ClCompile Include="Source\Core\Library\Serialization.cpp">
      <Filter>Core\Library</Filter>
    </ClCompile>
    <ClCompile Include="Source\Core\Library\Binary.cpp">
      <Filter>Core\Library</Filter>
    </ClCompile>
    <ClCompile Include="Source\Core\String.cpp">
      <Filter>Core</Filter>
    </ClCompile>
    <ClCompile Include="Source\Core\File.cpp">
      <Filter>Core</Filter>
    </ClCompile>
    <ClCompile Include="Source\Core\Stream.cpp">
      <Filter>Core</Filter>
    </ClCompile>
    <ClCompile Include="Source\Win32\Win32FileSystem.cpp">
      <Filter>Win32</Filter>
    </ClCompile>
    <ClCompile Include="Source\Win32\Win32Platform.cpp">
      <Filter>Win32</Filter>
    </ClCompile>
    <ClCompile Include="Source\Core\AssetManager.cpp">
      <Filter>Core</Filter>
    </ClCompile>
    <ClCompile Include="Source\Core\VirtualFileSystem.cpp">
      <Filter>Core</Filter>
    </ClCompile>
    <ClCompile Include="Source\Assets\TestAsset.cpp">
      <Filter>Assets</Filter>
    </ClCompile>
    <ClCompile Include="Source\Core\Threading.cpp">
      <Filter>Core</Filter>
    </ClCompile>
  </ItemGroup>
</Project>