<?xml version="1.0" encoding="utf-8"?>
<Project ToolsVersion="4.0" xmlns="http://schemas.microsoft.com/developer/msbuild/2003">
  <ItemGroup>
    <Filter Include="Resource Files">
      <UniqueIdentifier>{67DA6AB6-F800-4c08-8B7A-83BB121AAD01}</UniqueIdentifier>
      <Extensions>rc;ico;cur;bmp;dlg;rc2;rct;bin;rgs;gif;jpg;jpeg;jpe;resx;tiff;tif;png;wav;mfcribbon-ms</Extensions>
    </Filter>
    <Filter Include="Framework">
      <UniqueIdentifier>{ceeacff1-e10d-44dc-ae7b-43f0d075bd52}</UniqueIdentifier>
    </Filter>
    <Filter Include="Tests">
      <UniqueIdentifier>{3c1089af-1688-4565-9a50-3a2e59d6e5f5}</UniqueIdentifier>
    </Filter>
    <Filter Include="Core">
      <UniqueIdentifier>{8f55c96c-251c-48b8-aea3-60bcf2305799}</UniqueIdentifier>
    </Filter>
    <Filter Include="Renderer">
      <UniqueIdentifier>{c77c9b24-05c8-47d0-b1c8-917015999edb}</UniqueIdentifier>
    </Filter>
    <Filter Include="Renderer\DirectX11">
      <UniqueIdentifier>{ae4aecca-36f1-4629-b540-2a7f6d510445}</UniqueIdentifier>
    </Filter>
    <Filter Include="Renderer\Proxy">
      <UniqueIdentifier>{3eb64028-56c7-4305-a15b-0a87edbb2444}</UniqueIdentifier>
    </Filter>
    <Filter Include="Core\Types">
      <UniqueIdentifier>{bbff4234-7ca3-4e57-a5be-4900dced3599}</UniqueIdentifier>
    </Filter>
    <Filter Include="Core\Library">
      <UniqueIdentifier>{78355464-2caa-49c7-bb7c-a4b7aa49f0e7}</UniqueIdentifier>
    </Filter>
    <Filter Include="Win32">
      <UniqueIdentifier>{d58398ab-ceb8-46ea-bb42-7ef9589d7fc2}</UniqueIdentifier>
    </Filter>
    <Filter Include="Assets">
      <UniqueIdentifier>{d57b6cae-c17d-4528-968d-09065e2c0fae}</UniqueIdentifier>
    </Filter>
    <Filter Include="Console">
      <UniqueIdentifier>{5c820a59-d7b8-4d80-b1d4-beb7544699ac}</UniqueIdentifier>
    </Filter>
    <Filter Include="Renderer\Types">
      <UniqueIdentifier>{74b40527-1a5d-4fdb-a23f-27549b9be0c0}</UniqueIdentifier>
    </Filter>
    <Filter Include="Tools">
      <UniqueIdentifier>{08f86eec-a400-4d06-a8cd-4182b3b7fe69}</UniqueIdentifier>
    </Filter>
    <Filter Include="Extern">
      <UniqueIdentifier>{9f563a9d-0ef0-4a97-9aca-c505fff3b1cc}</UniqueIdentifier>
    </Filter>
    <Filter Include="Extern\zlib">
      <UniqueIdentifier>{2f7a4a6c-8a0d-4352-bdc1-c99e77206b0f}</UniqueIdentifier>
    </Filter>
    <Filter Include="Root">
      <UniqueIdentifier>{f0ca69c6-629b-4328-879f-62d184b3d2f2}</UniqueIdentifier>
    </Filter>
    <Filter Include="Streaming">
      <UniqueIdentifier>{cdd81bf6-f0e7-4a46-83cf-e6513608978d}</UniqueIdentifier>
    </Filter>
    <Filter Include="Material">
      <UniqueIdentifier>{3dc133cc-c866-4489-9d48-688fb74a3e5e}</UniqueIdentifier>
    </Filter>
    <Filter Include="Library">
      <UniqueIdentifier>{f46563e8-0e82-4012-bd71-33ba2307fc6c}</UniqueIdentifier>
    </Filter>
  </ItemGroup>
  <ItemGroup>
    <ClInclude Include="include\Hyperion\Hyperion.h">
      <Filter>Root</Filter>
    </ClInclude>
    <ClInclude Include="Include\Hyperion\Framework\Entity.h">
      <Filter>Framework</Filter>
    </ClInclude>
    <ClInclude Include="Include\Hyperion\Framework\World.h">
      <Filter>Framework</Filter>
    </ClInclude>
    <ClInclude Include="Include\Hyperion\Core\InputManager.h">
      <Filter>Core</Filter>
    </ClInclude>
    <ClInclude Include="Include\Hyperion\Framework\Component.h">
      <Filter>Framework</Filter>
    </ClInclude>
    <ClInclude Include="Include\Hyperion\Renderer\Renderer.h">
      <Filter>Renderer</Filter>
    </ClInclude>
    <ClInclude Include="Include\Hyperion\Renderer\Proxy\ProxyScene.h">
      <Filter>Renderer\Proxy</Filter>
    </ClInclude>
    <ClInclude Include="Include\Hyperion\Framework\ViewState.h">
      <Filter>Framework</Filter>
    </ClInclude>
    <ClInclude Include="Tests\SerializationTests.hpp">
      <Filter>Tests</Filter>
    </ClInclude>
    <ClInclude Include="Include\Hyperion\Constants.h">
      <Filter>Root</Filter>
    </ClInclude>
    <ClInclude Include="Include\Hyperion\Core\Library\Mutex.hpp">
      <Filter>Core\Library</Filter>
    </ClInclude>
    <ClInclude Include="Include\Hyperion\Core\Types\Angle.h">
      <Filter>Core\Types</Filter>
    </ClInclude>
    <ClInclude Include="Include\Hyperion\Core\Types\Color.h">
      <Filter>Core\Types</Filter>
    </ClInclude>
    <ClInclude Include="Include\Hyperion\Core\Types\Point.h">
      <Filter>Core\Types</Filter>
    </ClInclude>
    <ClInclude Include="Include\Hyperion\Core\Types\Vector.h">
      <Filter>Core\Types</Filter>
    </ClInclude>
    <ClInclude Include="Include\Hyperion\Core\Library\Serialization.h">
      <Filter>Core\Library</Filter>
    </ClInclude>
    <ClInclude Include="Include\Hyperion\Core\Library\Memory.hpp">
      <Filter>Core\Library</Filter>
    </ClInclude>
    <ClInclude Include="Tests\MemoryTests.hpp">
      <Filter>Tests</Filter>
    </ClInclude>
    <ClInclude Include="Include\Hyperion\Core\String.h">
      <Filter>Core</Filter>
    </ClInclude>
    <ClInclude Include="Tests\EncodingTests.hpp">
      <Filter>Tests</Filter>
    </ClInclude>
    <ClInclude Include="Include\Hyperion\Core\Library\UTF8.hpp">
      <Filter>Core\Library</Filter>
    </ClInclude>
    <ClInclude Include="Tests\StringTests.hpp">
      <Filter>Tests</Filter>
    </ClInclude>
    <ClInclude Include="Include\Hyperion\Core\Library\UTF16.hpp">
      <Filter>Core\Library</Filter>
    </ClInclude>
    <ClInclude Include="Include\Hyperion\Core\Library\UTF32.hpp">
      <Filter>Core\Library</Filter>
    </ClInclude>
    <ClInclude Include="Include\Hyperion\Core\Library\Binary.h">
      <Filter>Core\Library</Filter>
    </ClInclude>
    <ClInclude Include="Include\Hyperion\Core\File.h">
      <Filter>Core</Filter>
    </ClInclude>
    <ClInclude Include="Include\Hyperion\Core\Stream.h">
      <Filter>Core</Filter>
    </ClInclude>
    <ClInclude Include="Tests\BufferTests.hpp">
      <Filter>Tests</Filter>
    </ClInclude>
    <ClInclude Include="Include\Hyperion\Win32\Win32FileSystem.h">
      <Filter>Win32</Filter>
    </ClInclude>
    <ClInclude Include="Tests\FileTests.hpp">
      <Filter>Tests</Filter>
    </ClInclude>
    <ClInclude Include="Include\Hyperion\Win32\Win32Platform.h">
      <Filter>Win32</Filter>
    </ClInclude>
    <ClInclude Include="Include\Hyperion\Core\PlatformImpl.h">
      <Filter>Core</Filter>
    </ClInclude>
    <ClInclude Include="Include\Hyperion\Core\Platform.h">
      <Filter>Core</Filter>
    </ClInclude>
    <ClInclude Include="Include\Hyperion\Core\FileImpl.h">
      <Filter>Core</Filter>
    </ClInclude>
    <ClInclude Include="Include\Hyperion\Core\Asset.h">
      <Filter>Core</Filter>
    </ClInclude>
    <ClInclude Include="Include\Hyperion\Core\AssetLoader.h">
      <Filter>Core</Filter>
    </ClInclude>
    <ClInclude Include="Include\Hyperion\Core\AssetManager.h">
      <Filter>Core</Filter>
    </ClInclude>
    <ClInclude Include="Include\Hyperion\Core\VirtualFileSystem.h">
      <Filter>Core</Filter>
    </ClInclude>
    <ClInclude Include="Tests\AssetTests.hpp">
      <Filter>Tests</Filter>
    </ClInclude>
    <ClInclude Include="Include\Hyperion\Assets\TestAsset.h">
      <Filter>Assets</Filter>
    </ClInclude>
    <ClInclude Include="Include\Hyperion\Core\Memory.h">
      <Filter>Core</Filter>
    </ClInclude>
    <ClInclude Include="Include\Hyperion\Core\Threading.h">
      <Filter>Core</Filter>
    </ClInclude>
    <ClInclude Include="Include\Hyperion\Core\Async.h">
      <Filter>Core</Filter>
    </ClInclude>
    <ClInclude Include="Include\Hyperion\Renderer\DirectX11\DirectX11.h">
      <Filter>Renderer\DirectX11</Filter>
    </ClInclude>
    <ClInclude Include="Tests\RenderTests.hpp">
      <Filter>Tests</Filter>
    </ClInclude>
    <ClInclude Include="Include\Hyperion\Renderer\Proxy\ProxyBase.h">
      <Filter>Renderer\Proxy</Filter>
    </ClInclude>
    <ClInclude Include="Include\Hyperion\Core\Types\ConcurrentQueue.h">
      <Filter>Core\Types</Filter>
    </ClInclude>
    <ClInclude Include="Include\Hyperion\Renderer\Proxy\ProxyCamera.h">
      <Filter>Renderer\Proxy</Filter>
    </ClInclude>
    <ClInclude Include="Include\Hyperion\Renderer\Proxy\ProxyLight.h">
      <Filter>Renderer\Proxy</Filter>
    </ClInclude>
    <ClInclude Include="Include\Hyperion\Renderer\Proxy\ProxyPrimitive.h">
      <Filter>Renderer\Proxy</Filter>
    </ClInclude>
    <ClInclude Include="Include\Hyperion\Core\Types\Transform.h">
      <Filter>Core\Types</Filter>
    </ClInclude>
    <ClInclude Include="Include\Hyperion\Core\Object.h">
      <Filter>Core</Filter>
    </ClInclude>
    <ClInclude Include="Include\Hyperion\Renderer\IGraphics.h">
      <Filter>Renderer</Filter>
    </ClInclude>
    <ClInclude Include="Include\Hyperion\Renderer\DataTypes.h">
      <Filter>Renderer</Filter>
    </ClInclude>
    <ClInclude Include="Include\Hyperion\Renderer\DirectX11\DirectX11Graphics.h">
      <Filter>Renderer\DirectX11</Filter>
    </ClInclude>
    <ClInclude Include="Include\Hyperion\Framework\RenderComponent.h">
      <Filter>Framework</Filter>
    </ClInclude>
    <ClInclude Include="Include\Hyperion\Core\GameInstance.h">
      <Filter>Core</Filter>
    </ClInclude>
    <ClInclude Include="Include\Hyperion\Console\Console.h">
      <Filter>Console</Filter>
    </ClInclude>
    <ClInclude Include="Include\Hyperion\Core\GameManager.h">
      <Filter>Core</Filter>
    </ClInclude>
    <ClInclude Include="Include\Hyperion\Core\RenderManager.h">
      <Filter>Core</Filter>
    </ClInclude>
    <ClInclude Include="Include\Hyperion\Core\ThreadManager.h">
      <Filter>Core</Filter>
    </ClInclude>
    <ClInclude Include="Include\Hyperion\Console\ConsoleVarInstance.h">
      <Filter>Console</Filter>
    </ClInclude>
    <ClInclude Include="Include\Hyperion\Console\ConsoleVar.h">
      <Filter>Console</Filter>
    </ClInclude>
    <ClInclude Include="Include\Hyperion\Ints.h">
      <Filter>Root</Filter>
    </ClInclude>
    <ClInclude Include="Include\Hyperion\Macros.h">
      <Filter>Root</Filter>
    </ClInclude>
    <ClInclude Include="Include\Hyperion\Framework\PrimitiveComponent.h">
      <Filter>Framework</Filter>
    </ClInclude>
    <ClInclude Include="Include\Hyperion\Framework\CameraComponent.h">
      <Filter>Framework</Filter>
    </ClInclude>
    <ClInclude Include="Include\Hyperion\Framework\LightComponent.h">
      <Filter>Framework</Filter>
    </ClInclude>
    <ClInclude Include="Include\Hyperion\Renderer\Proxy\ProxyTest.h">
      <Filter>Renderer\Proxy</Filter>
    </ClInclude>
    <ClInclude Include="Include\Hyperion\Framework\TestComponent.h">
      <Filter>Framework</Filter>
    </ClInclude>
    <ClInclude Include="Include\Hyperion\Framework\TestEntity.h">
      <Filter>Framework</Filter>
    </ClInclude>
    <ClInclude Include="Include\Hyperion\Renderer\DirectX11\DirectX11Buffer.h">
      <Filter>Renderer\DirectX11</Filter>
    </ClInclude>
    <ClInclude Include="Include\Hyperion\Renderer\Types\Vertex.h">
      <Filter>Renderer\Types</Filter>
    </ClInclude>
    <ClInclude Include="Include\Hyperion\Renderer\Types\IBuffer.h">
      <Filter>Renderer\Types</Filter>
    </ClInclude>
    <ClInclude Include="Include\Hyperion\Renderer\Types\ITexture.h">
      <Filter>Renderer\Types</Filter>
    </ClInclude>
    <ClInclude Include="Include\Hyperion\Assets\TextureAsset.h">
      <Filter>Assets</Filter>
    </ClInclude>
    <ClInclude Include="Include\Hyperion\Renderer\DirectX11\DirectX11Texture.h">
      <Filter>Renderer\DirectX11</Filter>
    </ClInclude>
    <ClInclude Include="Include\Hyperion\Renderer\Types\Resource.h">
      <Filter>Renderer\Types</Filter>
    </ClInclude>
    <ClInclude Include="Include\Hyperion\Extern\zlib\zconf.h">
      <Filter>Extern\zlib</Filter>
    </ClInclude>
    <ClInclude Include="Include\Hyperion\Extern\zlib\zlib.h">
      <Filter>Extern\zlib</Filter>
    </ClInclude>
    <ClInclude Include="Include\Hyperion\Tools\Deflate.h">
      <Filter>Tools</Filter>
    </ClInclude>
    <ClInclude Include="Tests\ZLibTests.hpp">
      <Filter>Tests</Filter>
    </ClInclude>
    <ClInclude Include="Include\Hyperion\Tools\PNGReader.h">
      <Filter>Tools</Filter>
    </ClInclude>
    <ClInclude Include="Tests\PNGTests.hpp">
      <Filter>Tests</Filter>
    </ClInclude>
    <ClInclude Include="Include\Hyperion\Tools\ImageLoader.h">
      <Filter>Tools</Filter>
    </ClInclude>
    <ClInclude Include="Include\Hyperion\Assets\MaterialAsset.h">
      <Filter>Assets</Filter>
    </ClInclude>
    <ClInclude Include="Include\Hyperion\Assets\StaticModelAsset.h">
      <Filter>Assets</Filter>
    </ClInclude>
    <ClInclude Include="Include\Hyperion\Assets\DynamicModelAsset.h">
      <Filter>Assets</Filter>
    </ClInclude>
    <ClInclude Include="Include\Hyperion\Framework\DynamicModelComponent.h">
      <Filter>Framework</Filter>
    </ClInclude>
    <ClInclude Include="Include\Hyperion\Framework\StaticModelComponent.h">
      <Filter>Framework</Filter>
    </ClInclude>
    <ClInclude Include="Include\Hyperion\Material\MaterialInstance.h">
      <Filter>Material</Filter>
    </ClInclude>
    <ClInclude Include="Include\Hyperion\Library\Geometry.h">
      <Filter>Library</Filter>
    </ClInclude>
    <ClInclude Include="Include\Hyperion\Library\Math.h">
      <Filter>Library</Filter>
    </ClInclude>
    <ClInclude Include="Include\Hyperion\Material\MaterialAsset.h">
      <Filter>Material</Filter>
    </ClInclude>
    <ClInclude Include="Include\Hyperion\Streaming\AdaptiveAssetManager.h">
      <Filter>Streaming</Filter>
    </ClInclude>
    <ClInclude Include="Include\Hyperion\Assets\ModelAsset.h">
      <Filter>Assets</Filter>
    </ClInclude>
    <ClInclude Include="Include\Hyperion\Streaming\AdaptiveModel.h">
      <Filter>Streaming</Filter>
    </ClInclude>
    <ClInclude Include="Include\Hyperion\Streaming\AdaptiveStaticModel.h">
      <Filter>Streaming</Filter>
    </ClInclude>
    <ClInclude Include="Include\Hyperion\Streaming\AdaptiveTexture.h">
      <Filter>Streaming</Filter>
    </ClInclude>
    <ClInclude Include="Include\Hyperion\Streaming\AdaptiveDynamicModel.h">
      <Filter>Streaming</Filter>
    </ClInclude>
    <ClInclude Include="Include\Hyperion\Streaming\AdaptiveBase.h">
      <Filter>Streaming</Filter>
    </ClInclude>
    <ClInclude Include="Include\Hyperion\Streaming\DataTypes.h">
      <Filter>Streaming</Filter>
    </ClInclude>
    <ClInclude Include="Include\Hyperion\Streaming\Events.h">
      <Filter>Streaming</Filter>
    </ClInclude>
  </ItemGroup>
  <ItemGroup>
    <ClCompile Include="Source\Framework\Entity.cpp">
      <Filter>Framework</Filter>
    </ClCompile>
    <ClCompile Include="Source\Framework\World.cpp">
      <Filter>Framework</Filter>
    </ClCompile>
    <ClCompile Include="Source\Core\Object.cpp">
      <Filter>Core</Filter>
    </ClCompile>
    <ClCompile Include="Source\Core\InputManager.cpp">
      <Filter>Core</Filter>
    </ClCompile>
    <ClCompile Include="Source\Framework\Component.cpp">
      <Filter>Framework</Filter>
    </ClCompile>
    <ClCompile Include="Source\Renderer\Renderer.cpp">
      <Filter>Renderer</Filter>
    </ClCompile>
    <ClCompile Include="Source\Renderer\Proxy\ProxyScene.cpp">
      <Filter>Renderer\Proxy</Filter>
    </ClCompile>
    <ClCompile Include="Source\Hyperion.cpp">
      <Filter>Root</Filter>
    </ClCompile>
    <ClCompile Include="Source\Core\Types\Point.cpp">
      <Filter>Core\Types</Filter>
    </ClCompile>
    <ClCompile Include="Source\Core\Library\Serialization.cpp">
      <Filter>Core\Library</Filter>
    </ClCompile>
    <ClCompile Include="Source\Core\Library\Binary.cpp">
      <Filter>Core\Library</Filter>
    </ClCompile>
    <ClCompile Include="Source\Core\String.cpp">
      <Filter>Core</Filter>
    </ClCompile>
    <ClCompile Include="Source\Core\File.cpp">
      <Filter>Core</Filter>
    </ClCompile>
    <ClCompile Include="Source\Core\Stream.cpp">
      <Filter>Core</Filter>
    </ClCompile>
    <ClCompile Include="Source\Win32\Win32FileSystem.cpp">
      <Filter>Win32</Filter>
    </ClCompile>
    <ClCompile Include="Source\Win32\Win32Platform.cpp">
      <Filter>Win32</Filter>
    </ClCompile>
    <ClCompile Include="Source\Core\AssetManager.cpp">
      <Filter>Core</Filter>
    </ClCompile>
    <ClCompile Include="Source\Core\VirtualFileSystem.cpp">
      <Filter>Core</Filter>
    </ClCompile>
    <ClCompile Include="Source\Assets\TestAsset.cpp">
      <Filter>Assets</Filter>
    </ClCompile>
    <ClCompile Include="Source\Core\Threading.cpp">
      <Filter>Core</Filter>
    </ClCompile>
    <ClCompile Include="Source\Renderer\Proxy\ProxyBase.cpp">
      <Filter>Renderer\Proxy</Filter>
    </ClCompile>
    <ClCompile Include="Source\Renderer\DirectX11\DirectX11Graphics.cpp">
      <Filter>Renderer\DirectX11</Filter>
    </ClCompile>
    <ClCompile Include="Source\Framework\RenderComponent.cpp">
      <Filter>Framework</Filter>
    </ClCompile>
    <ClCompile Include="Source\Console\Console.cpp">
      <Filter>Console</Filter>
    </ClCompile>
    <ClCompile Include="Source\Core\GameManager.cpp">
      <Filter>Core</Filter>
    </ClCompile>
    <ClCompile Include="Source\Core\RenderManager.cpp">
      <Filter>Core</Filter>
    </ClCompile>
    <ClCompile Include="Source\Core\ThreadManager.cpp">
      <Filter>Core</Filter>
    </ClCompile>
    <ClCompile Include="Source\Console\ConsoleVarInstance.cpp">
      <Filter>Console</Filter>
    </ClCompile>
    <ClCompile Include="Source\Core\GameInstance.cpp">
      <Filter>Core</Filter>
    </ClCompile>
    <ClCompile Include="Source\Framework\PrimitiveComponent.cpp">
      <Filter>Framework</Filter>
    </ClCompile>
    <ClCompile Include="Source\Framework\CameraComponent.cpp">
      <Filter>Framework</Filter>
    </ClCompile>
    <ClCompile Include="Source\Framework\LightComponent.cpp">
      <Filter>Framework</Filter>
    </ClCompile>
    <ClCompile Include="Source\Renderer\Proxy\ProxyTest.cpp">
      <Filter>Renderer\Proxy</Filter>
    </ClCompile>
    <ClCompile Include="Source\Framework\TestComponent.cpp">
      <Filter>Framework</Filter>
    </ClCompile>
    <ClCompile Include="Source\Renderer\DataTypes.cpp">
      <Filter>Renderer</Filter>
    </ClCompile>
    <ClCompile Include="Source\Framework\TestEntity.cpp">
      <Filter>Framework</Filter>
    </ClCompile>
    <ClCompile Include="Source\Tools\Deflate.cpp">
      <Filter>Tools</Filter>
    </ClCompile>
    <ClCompile Include="Source\Tools\PNGReader.cpp">
      <Filter>Tools</Filter>
    </ClCompile>
    <ClCompile Include="Source\Assets\TextureAsset.cpp">
      <Filter>Assets</Filter>
    </ClCompile>
    <ClCompile Include="Source\Tools\ImageLoader.cpp">
      <Filter>Tools</Filter>
    </ClCompile>
    <ClCompile Include="Source\Framework\StaticModelComponent.cpp">
      <Filter>Framework</Filter>
    </ClCompile>
    <ClCompile Include="Source\Framework\DynamicModelComponent.cpp">
      <Filter>Framework</Filter>
    </ClCompile>
    <ClCompile Include="Source\Library\Geometry.cpp">
      <Filter>Library</Filter>
    </ClCompile>
    <ClCompile Include="Source\Library\Math.cpp">
      <Filter>Library</Filter>
    </ClCompile>
    <ClCompile Include="Source\Material\MaterialInstance.cpp">
      <Filter>Material</Filter>
    </ClCompile>
    <ClCompile Include="Source\Material\MaterialAsset.cpp">
      <Filter>Material</Filter>
    </ClCompile>
    <ClCompile Include="Source\Streaming\AdaptiveAssetManager.cpp">
      <Filter>Streaming</Filter>
    </ClCompile>
  </ItemGroup>
</Project>